// !$*UTF8*$!
{
	archiveVersion = 1;
	classes = {
	};
	objectVersion = 50;
	objects = {

/* Begin PBXBuildFile section */
		04688E53D5ADB6F63B82A78B /* Pods_CleanYourCode.framework in Frameworks */ = {isa = PBXBuildFile; fileRef = AFBB2E58BE671880342A6BAE /* Pods_CleanYourCode.framework */; };
		4D3BEB8EEFB88D2A1F4BD95E /* Pods_CleanYourCodeUITests.framework in Frameworks */ = {isa = PBXBuildFile; fileRef = C36E218654E8B135E1DA5125 /* Pods_CleanYourCodeUITests.framework */; };
		6AF79A83224E36A100F79ACF /* AppDelegate.swift in Sources */ = {isa = PBXBuildFile; fileRef = 6AF79A82224E36A100F79ACF /* AppDelegate.swift */; };
		6AF79A85224E36A100F79ACF /* ViewController.swift in Sources */ = {isa = PBXBuildFile; fileRef = 6AF79A84224E36A100F79ACF /* ViewController.swift */; };
		6AF79A88224E36A100F79ACF /* Main.storyboard in Resources */ = {isa = PBXBuildFile; fileRef = 6AF79A86224E36A100F79ACF /* Main.storyboard */; };
		6AF79A8A224E36A200F79ACF /* Assets.xcassets in Resources */ = {isa = PBXBuildFile; fileRef = 6AF79A89224E36A200F79ACF /* Assets.xcassets */; };
		6AF79A8D224E36A200F79ACF /* LaunchScreen.storyboard in Resources */ = {isa = PBXBuildFile; fileRef = 6AF79A8B224E36A200F79ACF /* LaunchScreen.storyboard */; };
		6AF79A98224E36A200F79ACF /* CleanYourCodeTests.swift in Sources */ = {isa = PBXBuildFile; fileRef = 6AF79A97224E36A200F79ACF /* CleanYourCodeTests.swift */; };
		6AF79AA3224E36A200F79ACF /* CleanYourCodeUITests.swift in Sources */ = {isa = PBXBuildFile; fileRef = 6AF79AA2224E36A200F79ACF /* CleanYourCodeUITests.swift */; };
		7F60CD8FAF7397875AE767DE /* Pods_CleanYourCodeTests.framework in Frameworks */ = {isa = PBXBuildFile; fileRef = 8EE9D9A49313777673A7400E /* Pods_CleanYourCodeTests.framework */; };
/* End PBXBuildFile section */

/* Begin PBXContainerItemProxy section */
		6AF79A94224E36A200F79ACF /* PBXContainerItemProxy */ = {
			isa = PBXContainerItemProxy;
			containerPortal = 6AF79A77224E36A100F79ACF /* Project object */;
			proxyType = 1;
			remoteGlobalIDString = 6AF79A7E224E36A100F79ACF;
			remoteInfo = CleanYourCode;
		};
		6AF79A9F224E36A200F79ACF /* PBXContainerItemProxy */ = {
			isa = PBXContainerItemProxy;
			containerPortal = 6AF79A77224E36A100F79ACF /* Project object */;
			proxyType = 1;
			remoteGlobalIDString = 6AF79A7E224E36A100F79ACF;
			remoteInfo = CleanYourCode;
		};
/* End PBXContainerItemProxy section */

/* Begin PBXFileReference section */
		097109F3ACB43895C5BD41B1 /* Pods-CleanYourCodeTests.release.xcconfig */ = {isa = PBXFileReference; includeInIndex = 1; lastKnownFileType = text.xcconfig; name = "Pods-CleanYourCodeTests.release.xcconfig"; path = "Target Support Files/Pods-CleanYourCodeTests/Pods-CleanYourCodeTests.release.xcconfig"; sourceTree = "<group>"; };
		11F759C57E044C1DD0489C09 /* Pods-CleanYourCode.release.xcconfig */ = {isa = PBXFileReference; includeInIndex = 1; lastKnownFileType = text.xcconfig; name = "Pods-CleanYourCode.release.xcconfig"; path = "Target Support Files/Pods-CleanYourCode/Pods-CleanYourCode.release.xcconfig"; sourceTree = "<group>"; };
		19ABFC987836E0B77347DD53 /* Pods-CleanYourCodeTests.debug.xcconfig */ = {isa = PBXFileReference; includeInIndex = 1; lastKnownFileType = text.xcconfig; name = "Pods-CleanYourCodeTests.debug.xcconfig"; path = "Target Support Files/Pods-CleanYourCodeTests/Pods-CleanYourCodeTests.debug.xcconfig"; sourceTree = "<group>"; };
		6AF79A7F224E36A100F79ACF /* CleanYourCode.app */ = {isa = PBXFileReference; explicitFileType = wrapper.application; includeInIndex = 0; path = CleanYourCode.app; sourceTree = BUILT_PRODUCTS_DIR; };
		6AF79A82224E36A100F79ACF /* AppDelegate.swift */ = {isa = PBXFileReference; lastKnownFileType = sourcecode.swift; path = AppDelegate.swift; sourceTree = "<group>"; };
		6AF79A84224E36A100F79ACF /* ViewController.swift */ = {isa = PBXFileReference; lastKnownFileType = sourcecode.swift; path = ViewController.swift; sourceTree = "<group>"; };
		6AF79A87224E36A100F79ACF /* Base */ = {isa = PBXFileReference; lastKnownFileType = file.storyboard; name = Base; path = Base.lproj/Main.storyboard; sourceTree = "<group>"; };
		6AF79A89224E36A200F79ACF /* Assets.xcassets */ = {isa = PBXFileReference; lastKnownFileType = folder.assetcatalog; path = Assets.xcassets; sourceTree = "<group>"; };
		6AF79A8C224E36A200F79ACF /* Base */ = {isa = PBXFileReference; lastKnownFileType = file.storyboard; name = Base; path = Base.lproj/LaunchScreen.storyboard; sourceTree = "<group>"; };
		6AF79A8E224E36A200F79ACF /* Info.plist */ = {isa = PBXFileReference; lastKnownFileType = text.plist.xml; path = Info.plist; sourceTree = "<group>"; };
		6AF79A93224E36A200F79ACF /* CleanYourCodeTests.xctest */ = {isa = PBXFileReference; explicitFileType = wrapper.cfbundle; includeInIndex = 0; path = CleanYourCodeTests.xctest; sourceTree = BUILT_PRODUCTS_DIR; };
		6AF79A97224E36A200F79ACF /* CleanYourCodeTests.swift */ = {isa = PBXFileReference; lastKnownFileType = sourcecode.swift; path = CleanYourCodeTests.swift; sourceTree = "<group>"; };
		6AF79A99224E36A200F79ACF /* Info.plist */ = {isa = PBXFileReference; lastKnownFileType = text.plist.xml; path = Info.plist; sourceTree = "<group>"; };
		6AF79A9E224E36A200F79ACF /* CleanYourCodeUITests.xctest */ = {isa = PBXFileReference; explicitFileType = wrapper.cfbundle; includeInIndex = 0; path = CleanYourCodeUITests.xctest; sourceTree = BUILT_PRODUCTS_DIR; };
		6AF79AA2224E36A200F79ACF /* CleanYourCodeUITests.swift */ = {isa = PBXFileReference; lastKnownFileType = sourcecode.swift; path = CleanYourCodeUITests.swift; sourceTree = "<group>"; };
		6AF79AA4224E36A200F79ACF /* Info.plist */ = {isa = PBXFileReference; lastKnownFileType = text.plist.xml; path = Info.plist; sourceTree = "<group>"; };
		88A05D8A706B6BDC3DD3C467 /* Pods-CleanYourCodeUITests.release.xcconfig */ = {isa = PBXFileReference; includeInIndex = 1; lastKnownFileType = text.xcconfig; name = "Pods-CleanYourCodeUITests.release.xcconfig"; path = "Target Support Files/Pods-CleanYourCodeUITests/Pods-CleanYourCodeUITests.release.xcconfig"; sourceTree = "<group>"; };
		8EE9D9A49313777673A7400E /* Pods_CleanYourCodeTests.framework */ = {isa = PBXFileReference; explicitFileType = wrapper.framework; includeInIndex = 0; path = Pods_CleanYourCodeTests.framework; sourceTree = BUILT_PRODUCTS_DIR; };
		AFBB2E58BE671880342A6BAE /* Pods_CleanYourCode.framework */ = {isa = PBXFileReference; explicitFileType = wrapper.framework; includeInIndex = 0; path = Pods_CleanYourCode.framework; sourceTree = BUILT_PRODUCTS_DIR; };
		B3D7244614878B830EB73876 /* Pods-CleanYourCodeUITests.debug.xcconfig */ = {isa = PBXFileReference; includeInIndex = 1; lastKnownFileType = text.xcconfig; name = "Pods-CleanYourCodeUITests.debug.xcconfig"; path = "Target Support Files/Pods-CleanYourCodeUITests/Pods-CleanYourCodeUITests.debug.xcconfig"; sourceTree = "<group>"; };
		C36E218654E8B135E1DA5125 /* Pods_CleanYourCodeUITests.framework */ = {isa = PBXFileReference; explicitFileType = wrapper.framework; includeInIndex = 0; path = Pods_CleanYourCodeUITests.framework; sourceTree = BUILT_PRODUCTS_DIR; };
		DFB631D5C3B3BC716B45105B /* Pods-CleanYourCode.debug.xcconfig */ = {isa = PBXFileReference; includeInIndex = 1; lastKnownFileType = text.xcconfig; name = "Pods-CleanYourCode.debug.xcconfig"; path = "Target Support Files/Pods-CleanYourCode/Pods-CleanYourCode.debug.xcconfig"; sourceTree = "<group>"; };
/* End PBXFileReference section */

/* Begin PBXFrameworksBuildPhase section */
		6AF79A7C224E36A100F79ACF /* Frameworks */ = {
			isa = PBXFrameworksBuildPhase;
			buildActionMask = 2147483647;
			files = (
				04688E53D5ADB6F63B82A78B /* Pods_CleanYourCode.framework in Frameworks */,
			);
			runOnlyForDeploymentPostprocessing = 0;
		};
		6AF79A90224E36A200F79ACF /* Frameworks */ = {
			isa = PBXFrameworksBuildPhase;
			buildActionMask = 2147483647;
			files = (
				7F60CD8FAF7397875AE767DE /* Pods_CleanYourCodeTests.framework in Frameworks */,
			);
			runOnlyForDeploymentPostprocessing = 0;
		};
		6AF79A9B224E36A200F79ACF /* Frameworks */ = {
			isa = PBXFrameworksBuildPhase;
			buildActionMask = 2147483647;
			files = (
				4D3BEB8EEFB88D2A1F4BD95E /* Pods_CleanYourCodeUITests.framework in Frameworks */,
			);
			runOnlyForDeploymentPostprocessing = 0;
		};
/* End PBXFrameworksBuildPhase section */

/* Begin PBXGroup section */
		0A3F69AA49E56D4A1D9C23D0 /* Pods */ = {
			isa = PBXGroup;
			children = (
				DFB631D5C3B3BC716B45105B /* Pods-CleanYourCode.debug.xcconfig */,
				11F759C57E044C1DD0489C09 /* Pods-CleanYourCode.release.xcconfig */,
				19ABFC987836E0B77347DD53 /* Pods-CleanYourCodeTests.debug.xcconfig */,
				097109F3ACB43895C5BD41B1 /* Pods-CleanYourCodeTests.release.xcconfig */,
				B3D7244614878B830EB73876 /* Pods-CleanYourCodeUITests.debug.xcconfig */,
				88A05D8A706B6BDC3DD3C467 /* Pods-CleanYourCodeUITests.release.xcconfig */,
			);
			name = Pods;
			path = Pods;
			sourceTree = "<group>";
		};
		2F2E71224EC477135DBF802E /* Frameworks */ = {
			isa = PBXGroup;
			children = (
				AFBB2E58BE671880342A6BAE /* Pods_CleanYourCode.framework */,
				8EE9D9A49313777673A7400E /* Pods_CleanYourCodeTests.framework */,
				C36E218654E8B135E1DA5125 /* Pods_CleanYourCodeUITests.framework */,
			);
			name = Frameworks;
			sourceTree = "<group>";
		};
		6AF79A76224E36A100F79ACF = {
			isa = PBXGroup;
			children = (
				6AF79A81224E36A100F79ACF /* CleanYourCode */,
				6AF79A96224E36A200F79ACF /* CleanYourCodeTests */,
				6AF79AA1224E36A200F79ACF /* CleanYourCodeUITests */,
				6AF79A80224E36A100F79ACF /* Products */,
				0A3F69AA49E56D4A1D9C23D0 /* Pods */,
				2F2E71224EC477135DBF802E /* Frameworks */,
			);
			sourceTree = "<group>";
		};
		6AF79A80224E36A100F79ACF /* Products */ = {
			isa = PBXGroup;
			children = (
				6AF79A7F224E36A100F79ACF /* CleanYourCode.app */,
				6AF79A93224E36A200F79ACF /* CleanYourCodeTests.xctest */,
				6AF79A9E224E36A200F79ACF /* CleanYourCodeUITests.xctest */,
			);
			name = Products;
			sourceTree = "<group>";
		};
		6AF79A81224E36A100F79ACF /* CleanYourCode */ = {
			isa = PBXGroup;
			children = (
				6AF79A82224E36A100F79ACF /* AppDelegate.swift */,
				6AF79A84224E36A100F79ACF /* ViewController.swift */,
				6AF79A86224E36A100F79ACF /* Main.storyboard */,
				6AF79A89224E36A200F79ACF /* Assets.xcassets */,
				6AF79A8B224E36A200F79ACF /* LaunchScreen.storyboard */,
				6AF79A8E224E36A200F79ACF /* Info.plist */,
			);
			path = CleanYourCode;
			sourceTree = "<group>";
		};
		6AF79A96224E36A200F79ACF /* CleanYourCodeTests */ = {
			isa = PBXGroup;
			children = (
				6AF79A97224E36A200F79ACF /* CleanYourCodeTests.swift */,
				6AF79A99224E36A200F79ACF /* Info.plist */,
			);
			path = CleanYourCodeTests;
			sourceTree = "<group>";
		};
		6AF79AA1224E36A200F79ACF /* CleanYourCodeUITests */ = {
			isa = PBXGroup;
			children = (
				6AF79AA2224E36A200F79ACF /* CleanYourCodeUITests.swift */,
				6AF79AA4224E36A200F79ACF /* Info.plist */,
			);
			path = CleanYourCodeUITests;
			sourceTree = "<group>";
		};
/* End PBXGroup section */

/* Begin PBXNativeTarget section */
		6AF79A7E224E36A100F79ACF /* CleanYourCode */ = {
			isa = PBXNativeTarget;
			buildConfigurationList = 6AF79AA7224E36A200F79ACF /* Build configuration list for PBXNativeTarget "CleanYourCode" */;
			buildPhases = (
				4B7203EFCFD6A9E3AF011FFD /* [CP] Check Pods Manifest.lock */,
				6AF79A7B224E36A100F79ACF /* Sources */,
				6AF79A7C224E36A100F79ACF /* Frameworks */,
				6AF79A7D224E36A100F79ACF /* Resources */,
			);
			buildRules = (
			);
			dependencies = (
			);
			name = CleanYourCode;
			productName = CleanYourCode;
			productReference = 6AF79A7F224E36A100F79ACF /* CleanYourCode.app */;
			productType = "com.apple.product-type.application";
		};
		6AF79A92224E36A200F79ACF /* CleanYourCodeTests */ = {
			isa = PBXNativeTarget;
			buildConfigurationList = 6AF79AAA224E36A200F79ACF /* Build configuration list for PBXNativeTarget "CleanYourCodeTests" */;
			buildPhases = (
				16FADCCDA609754D277764E6 /* [CP] Check Pods Manifest.lock */,
				6AF79A8F224E36A200F79ACF /* Sources */,
				6AF79A90224E36A200F79ACF /* Frameworks */,
				6AF79A91224E36A200F79ACF /* Resources */,
			);
			buildRules = (
			);
			dependencies = (
				6AF79A95224E36A200F79ACF /* PBXTargetDependency */,
			);
			name = CleanYourCodeTests;
			productName = CleanYourCodeTests;
			productReference = 6AF79A93224E36A200F79ACF /* CleanYourCodeTests.xctest */;
			productType = "com.apple.product-type.bundle.unit-test";
		};
		6AF79A9D224E36A200F79ACF /* CleanYourCodeUITests */ = {
			isa = PBXNativeTarget;
			buildConfigurationList = 6AF79AAD224E36A200F79ACF /* Build configuration list for PBXNativeTarget "CleanYourCodeUITests" */;
			buildPhases = (
				05996FA3F3B1E6AC60893AE2 /* [CP] Check Pods Manifest.lock */,
				6AF79A9A224E36A200F79ACF /* Sources */,
				6AF79A9B224E36A200F79ACF /* Frameworks */,
				6AF79A9C224E36A200F79ACF /* Resources */,
			);
			buildRules = (
			);
			dependencies = (
				6AF79AA0224E36A200F79ACF /* PBXTargetDependency */,
			);
			name = CleanYourCodeUITests;
			productName = CleanYourCodeUITests;
			productReference = 6AF79A9E224E36A200F79ACF /* CleanYourCodeUITests.xctest */;
			productType = "com.apple.product-type.bundle.ui-testing";
		};
/* End PBXNativeTarget section */

/* Begin PBXProject section */
		6AF79A77224E36A100F79ACF /* Project object */ = {
			isa = PBXProject;
			attributes = {
				LastSwiftUpdateCheck = 1010;
				LastUpgradeCheck = 1010;
				ORGANIZATIONNAME = "sotsys-236";
				TargetAttributes = {
					6AF79A7E224E36A100F79ACF = {
						CreatedOnToolsVersion = 10.1;
					};
					6AF79A92224E36A200F79ACF = {
						CreatedOnToolsVersion = 10.1;
						TestTargetID = 6AF79A7E224E36A100F79ACF;
					};
					6AF79A9D224E36A200F79ACF = {
						CreatedOnToolsVersion = 10.1;
						TestTargetID = 6AF79A7E224E36A100F79ACF;
					};
				};
			};
			buildConfigurationList = 6AF79A7A224E36A100F79ACF /* Build configuration list for PBXProject "CleanYourCode" */;
			compatibilityVersion = "Xcode 9.3";
			developmentRegion = en;
			hasScannedForEncodings = 0;
			knownRegions = (
				en,
				Base,
			);
			mainGroup = 6AF79A76224E36A100F79ACF;
			productRefGroup = 6AF79A80224E36A100F79ACF /* Products */;
			projectDirPath = "";
			projectRoot = "";
			targets = (
				6AF79A7E224E36A100F79ACF /* CleanYourCode */,
				6AF79A92224E36A200F79ACF /* CleanYourCodeTests */,
				6AF79A9D224E36A200F79ACF /* CleanYourCodeUITests */,
			);
		};
/* End PBXProject section */

/* Begin PBXResourcesBuildPhase section */
		6AF79A7D224E36A100F79ACF /* Resources */ = {
			isa = PBXResourcesBuildPhase;
			buildActionMask = 2147483647;
			files = (
				6AF79A8D224E36A200F79ACF /* LaunchScreen.storyboard in Resources */,
				6AF79A8A224E36A200F79ACF /* Assets.xcassets in Resources */,
				6AF79A88224E36A100F79ACF /* Main.storyboard in Resources */,
			);
			runOnlyForDeploymentPostprocessing = 0;
		};
		6AF79A91224E36A200F79ACF /* Resources */ = {
			isa = PBXResourcesBuildPhase;
			buildActionMask = 2147483647;
			files = (
			);
			runOnlyForDeploymentPostprocessing = 0;
		};
		6AF79A9C224E36A200F79ACF /* Resources */ = {
			isa = PBXResourcesBuildPhase;
			buildActionMask = 2147483647;
			files = (
			);
			runOnlyForDeploymentPostprocessing = 0;
		};
/* End PBXResourcesBuildPhase section */

/* Begin PBXShellScriptBuildPhase section */
		05996FA3F3B1E6AC60893AE2 /* [CP] Check Pods Manifest.lock */ = {
			isa = PBXShellScriptBuildPhase;
			buildActionMask = 2147483647;
			files = (
			);
			inputFileListPaths = (
			);
			inputPaths = (
				"${PODS_PODFILE_DIR_PATH}/Podfile.lock",
				"${PODS_ROOT}/Manifest.lock",
			);
			name = "[CP] Check Pods Manifest.lock";
			outputFileListPaths = (
			);
			outputPaths = (
				"$(DERIVED_FILE_DIR)/Pods-CleanYourCodeUITests-checkManifestLockResult.txt",
			);
			runOnlyForDeploymentPostprocessing = 0;
			shellPath = /bin/sh;
			shellScript = "diff \"${PODS_PODFILE_DIR_PATH}/Podfile.lock\" \"${PODS_ROOT}/Manifest.lock\" > /dev/null\nif [ $? != 0 ] ; then\n    # print error to STDERR\n    echo \"error: The sandbox is not in sync with the Podfile.lock. Run 'pod install' or update your CocoaPods installation.\" >&2\n    exit 1\nfi\n# This output is used by Xcode 'outputs' to avoid re-running this script phase.\necho \"SUCCESS\" > \"${SCRIPT_OUTPUT_FILE_0}\"\n";
			showEnvVarsInLog = 0;
		};
		16FADCCDA609754D277764E6 /* [CP] Check Pods Manifest.lock */ = {
			isa = PBXShellScriptBuildPhase;
			buildActionMask = 2147483647;
			files = (
			);
			inputFileListPaths = (
			);
			inputPaths = (
				"${PODS_PODFILE_DIR_PATH}/Podfile.lock",
				"${PODS_ROOT}/Manifest.lock",
			);
			name = "[CP] Check Pods Manifest.lock";
			outputFileListPaths = (
			);
			outputPaths = (
				"$(DERIVED_FILE_DIR)/Pods-CleanYourCodeTests-checkManifestLockResult.txt",
			);
			runOnlyForDeploymentPostprocessing = 0;
			shellPath = /bin/sh;
			shellScript = "diff \"${PODS_PODFILE_DIR_PATH}/Podfile.lock\" \"${PODS_ROOT}/Manifest.lock\" > /dev/null\nif [ $? != 0 ] ; then\n    # print error to STDERR\n    echo \"error: The sandbox is not in sync with the Podfile.lock. Run 'pod install' or update your CocoaPods installation.\" >&2\n    exit 1\nfi\n# This output is used by Xcode 'outputs' to avoid re-running this script phase.\necho \"SUCCESS\" > \"${SCRIPT_OUTPUT_FILE_0}\"\n";
			showEnvVarsInLog = 0;
		};
		4B7203EFCFD6A9E3AF011FFD /* [CP] Check Pods Manifest.lock */ = {
			isa = PBXShellScriptBuildPhase;
			buildActionMask = 2147483647;
			files = (
			);
			inputFileListPaths = (
			);
			inputPaths = (
				"${PODS_PODFILE_DIR_PATH}/Podfile.lock",
				"${PODS_ROOT}/Manifest.lock",
			);
			name = "[CP] Check Pods Manifest.lock";
			outputFileListPaths = (
			);
			outputPaths = (
				"$(DERIVED_FILE_DIR)/Pods-CleanYourCode-checkManifestLockResult.txt",
			);
			runOnlyForDeploymentPostprocessing = 0;
			shellPath = /bin/sh;
			shellScript = "diff \"${PODS_PODFILE_DIR_PATH}/Podfile.lock\" \"${PODS_ROOT}/Manifest.lock\" > /dev/null\nif [ $? != 0 ] ; then\n    # print error to STDERR\n    echo \"error: The sandbox is not in sync with the Podfile.lock. Run 'pod install' or update your CocoaPods installation.\" >&2\n    exit 1\nfi\n# This output is used by Xcode 'outputs' to avoid re-running this script phase.\necho \"SUCCESS\" > \"${SCRIPT_OUTPUT_FILE_0}\"\n";
			showEnvVarsInLog = 0;
		};
/* End PBXShellScriptBuildPhase section */

/* Begin PBXSourcesBuildPhase section */
		6AF79A7B224E36A100F79ACF /* Sources */ = {
			isa = PBXSourcesBuildPhase;
			buildActionMask = 2147483647;
			files = (
				6AF79A85224E36A100F79ACF /* ViewController.swift in Sources */,
				6AF79A83224E36A100F79ACF /* AppDelegate.swift in Sources */,
			);
			runOnlyForDeploymentPostprocessing = 0;
		};
		6AF79A8F224E36A200F79ACF /* Sources */ = {
			isa = PBXSourcesBuildPhase;
			buildActionMask = 2147483647;
			files = (
				6AF79A98224E36A200F79ACF /* CleanYourCodeTests.swift in Sources */,
			);
			runOnlyForDeploymentPostprocessing = 0;
		};
		6AF79A9A224E36A200F79ACF /* Sources */ = {
			isa = PBXSourcesBuildPhase;
			buildActionMask = 2147483647;
			files = (
				6AF79AA3224E36A200F79ACF /* CleanYourCodeUITests.swift in Sources */,
			);
			runOnlyForDeploymentPostprocessing = 0;
		};
/* End PBXSourcesBuildPhase section */

/* Begin PBXTargetDependency section */
		6AF79A95224E36A200F79ACF /* PBXTargetDependency */ = {
			isa = PBXTargetDependency;
			target = 6AF79A7E224E36A100F79ACF /* CleanYourCode */;
			targetProxy = 6AF79A94224E36A200F79ACF /* PBXContainerItemProxy */;
		};
		6AF79AA0224E36A200F79ACF /* PBXTargetDependency */ = {
			isa = PBXTargetDependency;
			target = 6AF79A7E224E36A100F79ACF /* CleanYourCode */;
			targetProxy = 6AF79A9F224E36A200F79ACF /* PBXContainerItemProxy */;
		};
/* End PBXTargetDependency section */

/* Begin PBXVariantGroup section */
		6AF79A86224E36A100F79ACF /* Main.storyboard */ = {
			isa = PBXVariantGroup;
			children = (
				6AF79A87224E36A100F79ACF /* Base */,
			);
			name = Main.storyboard;
			sourceTree = "<group>";
		};
		6AF79A8B224E36A200F79ACF /* LaunchScreen.storyboard */ = {
			isa = PBXVariantGroup;
			children = (
				6AF79A8C224E36A200F79ACF /* Base */,
			);
			name = LaunchScreen.storyboard;
			sourceTree = "<group>";
		};
/* End PBXVariantGroup section */

/* Begin XCBuildConfiguration section */
		6AF79AA5224E36A200F79ACF /* Debug */ = {
			isa = XCBuildConfiguration;
			buildSettings = {
				ALWAYS_SEARCH_USER_PATHS = NO;
				CLANG_ANALYZER_NONNULL = YES;
				CLANG_ANALYZER_NUMBER_OBJECT_CONVERSION = YES_AGGRESSIVE;
				CLANG_CXX_LANGUAGE_STANDARD = "gnu++14";
				CLANG_CXX_LIBRARY = "libc++";
				CLANG_ENABLE_MODULES = YES;
				CLANG_ENABLE_OBJC_ARC = YES;
				CLANG_ENABLE_OBJC_WEAK = YES;
				CLANG_WARN_BLOCK_CAPTURE_AUTORELEASING = YES;
				CLANG_WARN_BOOL_CONVERSION = YES;
				CLANG_WARN_COMMA = YES;
				CLANG_WARN_CONSTANT_CONVERSION = YES;
				CLANG_WARN_DEPRECATED_OBJC_IMPLEMENTATIONS = YES;
				CLANG_WARN_DIRECT_OBJC_ISA_USAGE = YES_ERROR;
				CLANG_WARN_DOCUMENTATION_COMMENTS = YES;
				CLANG_WARN_EMPTY_BODY = YES;
				CLANG_WARN_ENUM_CONVERSION = YES;
				CLANG_WARN_INFINITE_RECURSION = YES;
				CLANG_WARN_INT_CONVERSION = YES;
				CLANG_WARN_NON_LITERAL_NULL_CONVERSION = YES;
				CLANG_WARN_OBJC_IMPLICIT_RETAIN_SELF = YES;
				CLANG_WARN_OBJC_LITERAL_CONVERSION = YES;
				CLANG_WARN_OBJC_ROOT_CLASS = YES_ERROR;
				CLANG_WARN_RANGE_LOOP_ANALYSIS = YES;
				CLANG_WARN_STRICT_PROTOTYPES = YES;
				CLANG_WARN_SUSPICIOUS_MOVE = YES;
				CLANG_WARN_UNGUARDED_AVAILABILITY = YES_AGGRESSIVE;
				CLANG_WARN_UNREACHABLE_CODE = YES;
				CLANG_WARN__DUPLICATE_METHOD_MATCH = YES;
				CODE_SIGN_IDENTITY = "iPhone Developer";
				COPY_PHASE_STRIP = NO;
				DEBUG_INFORMATION_FORMAT = dwarf;
				ENABLE_STRICT_OBJC_MSGSEND = YES;
				ENABLE_TESTABILITY = YES;
				GCC_C_LANGUAGE_STANDARD = gnu11;
				GCC_DYNAMIC_NO_PIC = NO;
				GCC_NO_COMMON_BLOCKS = YES;
				GCC_OPTIMIZATION_LEVEL = 0;
				GCC_PREPROCESSOR_DEFINITIONS = (
					"DEBUG=1",
					"$(inherited)",
				);
				GCC_WARN_64_TO_32_BIT_CONVERSION = YES;
				GCC_WARN_ABOUT_RETURN_TYPE = YES_ERROR;
				GCC_WARN_UNDECLARED_SELECTOR = YES;
				GCC_WARN_UNINITIALIZED_AUTOS = YES_AGGRESSIVE;
				GCC_WARN_UNUSED_FUNCTION = YES;
				GCC_WARN_UNUSED_VARIABLE = YES;
				IPHONEOS_DEPLOYMENT_TARGET = 12.1;
				MTL_ENABLE_DEBUG_INFO = INCLUDE_SOURCE;
				MTL_FAST_MATH = YES;
				ONLY_ACTIVE_ARCH = YES;
				SDKROOT = iphoneos;
				SWIFT_ACTIVE_COMPILATION_CONDITIONS = DEBUG;
				SWIFT_OPTIMIZATION_LEVEL = "-Onone";
			};
			name = Debug;
		};
		6AF79AA6224E36A200F79ACF /* Release */ = {
			isa = XCBuildConfiguration;
			buildSettings = {
				ALWAYS_SEARCH_USER_PATHS = NO;
				CLANG_ANALYZER_NONNULL = YES;
				CLANG_ANALYZER_NUMBER_OBJECT_CONVERSION = YES_AGGRESSIVE;
				CLANG_CXX_LANGUAGE_STANDARD = "gnu++14";
				CLANG_CXX_LIBRARY = "libc++";
				CLANG_ENABLE_MODULES = YES;
				CLANG_ENABLE_OBJC_ARC = YES;
				CLANG_ENABLE_OBJC_WEAK = YES;
				CLANG_WARN_BLOCK_CAPTURE_AUTORELEASING = YES;
				CLANG_WARN_BOOL_CONVERSION = YES;
				CLANG_WARN_COMMA = YES;
				CLANG_WARN_CONSTANT_CONVERSION = YES;
				CLANG_WARN_DEPRECATED_OBJC_IMPLEMENTATIONS = YES;
				CLANG_WARN_DIRECT_OBJC_ISA_USAGE = YES_ERROR;
				CLANG_WARN_DOCUMENTATION_COMMENTS = YES;
				CLANG_WARN_EMPTY_BODY = YES;
				CLANG_WARN_ENUM_CONVERSION = YES;
				CLANG_WARN_INFINITE_RECURSION = YES;
				CLANG_WARN_INT_CONVERSION = YES;
				CLANG_WARN_NON_LITERAL_NULL_CONVERSION = YES;
				CLANG_WARN_OBJC_IMPLICIT_RETAIN_SELF = YES;
				CLANG_WARN_OBJC_LITERAL_CONVERSION = YES;
				CLANG_WARN_OBJC_ROOT_CLASS = YES_ERROR;
				CLANG_WARN_RANGE_LOOP_ANALYSIS = YES;
				CLANG_WARN_STRICT_PROTOTYPES = YES;
				CLANG_WARN_SUSPICIOUS_MOVE = YES;
				CLANG_WARN_UNGUARDED_AVAILABILITY = YES_AGGRESSIVE;
				CLANG_WARN_UNREACHABLE_CODE = YES;
				CLANG_WARN__DUPLICATE_METHOD_MATCH = YES;
				CODE_SIGN_IDENTITY = "iPhone Developer";
				COPY_PHASE_STRIP = NO;
				DEBUG_INFORMATION_FORMAT = "dwarf-with-dsym";
				ENABLE_NS_ASSERTIONS = NO;
				ENABLE_STRICT_OBJC_MSGSEND = YES;
				GCC_C_LANGUAGE_STANDARD = gnu11;
				GCC_NO_COMMON_BLOCKS = YES;
				GCC_WARN_64_TO_32_BIT_CONVERSION = YES;
				GCC_WARN_ABOUT_RETURN_TYPE = YES_ERROR;
				GCC_WARN_UNDECLARED_SELECTOR = YES;
				GCC_WARN_UNINITIALIZED_AUTOS = YES_AGGRESSIVE;
				GCC_WARN_UNUSED_FUNCTION = YES;
				GCC_WARN_UNUSED_VARIABLE = YES;
				IPHONEOS_DEPLOYMENT_TARGET = 12.1;
				MTL_ENABLE_DEBUG_INFO = NO;
				MTL_FAST_MATH = YES;
				SDKROOT = iphoneos;
				SWIFT_COMPILATION_MODE = wholemodule;
				SWIFT_OPTIMIZATION_LEVEL = "-O";
				VALIDATE_PRODUCT = YES;
			};
			name = Release;
		};
		6AF79AA8224E36A200F79ACF /* Debug */ = {
			isa = XCBuildConfiguration;
			baseConfigurationReference = DFB631D5C3B3BC716B45105B /* Pods-CleanYourCode.debug.xcconfig */;
			buildSettings = {
				ASSETCATALOG_COMPILER_APPICON_NAME = AppIcon;
				CODE_SIGN_STYLE = Automatic;
				INFOPLIST_FILE = CleanYourCode/Info.plist;
				LD_RUNPATH_SEARCH_PATHS = (
					"$(inherited)",
					"@executable_path/Frameworks",
				);
				PRODUCT_BUNDLE_IDENTIFIER = com..CleanYourCode;
				PRODUCT_NAME = "$(TARGET_NAME)";
				SWIFT_VERSION = 4.2;
				TARGETED_DEVICE_FAMILY = "1,2";
			};
			name = Debug;
		};
		6AF79AA9224E36A200F79ACF /* Release */ = {
			isa = XCBuildConfiguration;
			baseConfigurationReference = 11F759C57E044C1DD0489C09 /* Pods-CleanYourCode.release.xcconfig */;
			buildSettings = {
				ASSETCATALOG_COMPILER_APPICON_NAME = AppIcon;
				CODE_SIGN_STYLE = Automatic;
				INFOPLIST_FILE = CleanYourCode/Info.plist;
				LD_RUNPATH_SEARCH_PATHS = (
					"$(inherited)",
					"@executable_path/Frameworks",
				);
				PRODUCT_BUNDLE_IDENTIFIER = com..CleanYourCode;
				PRODUCT_NAME = "$(TARGET_NAME)";
				SWIFT_VERSION = 4.2;
				TARGETED_DEVICE_FAMILY = "1,2";
			};
			name = Release;
		};
		6AF79AAB224E36A200F79ACF /* Debug */ = {
			isa = XCBuildConfiguration;
			baseConfigurationReference = 19ABFC987836E0B77347DD53 /* Pods-CleanYourCodeTests.debug.xcconfig */;
			buildSettings = {
				ALWAYS_EMBED_SWIFT_STANDARD_LIBRARIES = YES;
				BUNDLE_LOADER = "$(TEST_HOST)";
				CODE_SIGN_STYLE = Automatic;
				INFOPLIST_FILE = CleanYourCodeTests/Info.plist;
				LD_RUNPATH_SEARCH_PATHS = (
					"$(inherited)",
					"@executable_path/Frameworks",
					"@loader_path/Frameworks",
				);
				PRODUCT_BUNDLE_IDENTIFIER = com..CleanYourCodeTests;
				PRODUCT_NAME = "$(TARGET_NAME)";
				SWIFT_VERSION = 4.2;
				TARGETED_DEVICE_FAMILY = "1,2";
				TEST_HOST = "$(BUILT_PRODUCTS_DIR)/CleanYourCode.app/CleanYourCode";
			};
			name = Debug;
		};
		6AF79AAC224E36A200F79ACF /* Release */ = {
			isa = XCBuildConfiguration;
			baseConfigurationReference = 097109F3ACB43895C5BD41B1 /* Pods-CleanYourCodeTests.release.xcconfig */;
			buildSettings = {
				ALWAYS_EMBED_SWIFT_STANDARD_LIBRARIES = YES;
				BUNDLE_LOADER = "$(TEST_HOST)";
				CODE_SIGN_STYLE = Automatic;
				INFOPLIST_FILE = CleanYourCodeTests/Info.plist;
				LD_RUNPATH_SEARCH_PATHS = (
					"$(inherited)",
					"@executable_path/Frameworks",
					"@loader_path/Frameworks",
				);
				PRODUCT_BUNDLE_IDENTIFIER = com..CleanYourCodeTests;
				PRODUCT_NAME = "$(TARGET_NAME)";
				SWIFT_VERSION = 4.2;
				TARGETED_DEVICE_FAMILY = "1,2";
				TEST_HOST = "$(BUILT_PRODUCTS_DIR)/CleanYourCode.app/CleanYourCode";
			};
			name = Release;
		};
		6AF79AAE224E36A200F79ACF /* Debug */ = {
			isa = XCBuildConfiguration;
			baseConfigurationReference = B3D7244614878B830EB73876 /* Pods-CleanYourCodeUITests.debug.xcconfig */;
			buildSettings = {
				ALWAYS_EMBED_SWIFT_STANDARD_LIBRARIES = YES;
				CODE_SIGN_STYLE = Automatic;
				INFOPLIST_FILE = CleanYourCodeUITests/Info.plist;
				LD_RUNPATH_SEARCH_PATHS = (
					"$(inherited)",
					"@executable_path/Frameworks",
					"@loader_path/Frameworks",
				);
				PRODUCT_BUNDLE_IDENTIFIER = com..CleanYourCodeUITests;
				PRODUCT_NAME = "$(TARGET_NAME)";
				SWIFT_VERSION = 4.2;
				TARGETED_DEVICE_FAMILY = "1,2";
				TEST_TARGET_NAME = CleanYourCode;
			};
			name = Debug;
		};
		6AF79AAF224E36A200F79ACF /* Release */ = {
			isa = XCBuildConfiguration;
			baseConfigurationReference = 88A05D8A706B6BDC3DD3C467 /* Pods-CleanYourCodeUITests.release.xcconfig */;
			buildSettings = {
				ALWAYS_EMBED_SWIFT_STANDARD_LIBRARIES = YES;
				CODE_SIGN_STYLE = Automatic;
				INFOPLIST_FILE = CleanYourCodeUITests/Info.plist;
				LD_RUNPATH_SEARCH_PATHS = (
					"$(inherited)",
					"@executable_path/Frameworks",
					"@loader_path/Frameworks",
				);
				PRODUCT_BUNDLE_IDENTIFIER = com..CleanYourCodeUITests;
				PRODUCT_NAME = "$(TARGET_NAME)";
				SWIFT_VERSION = 4.2;
				TARGETED_DEVICE_FAMILY = "1,2";
				TEST_TARGET_NAME = CleanYourCode;
			};
			name = Release;
		};
/* End XCBuildConfiguration section */

/* Begin XCConfigurationList section */
		6AF79A7A224E36A100F79ACF /* Build configuration list for PBXProject "CleanYourCode" */ = {
			isa = XCConfigurationList;
			buildConfigurations = (
				6AF79AA5224E36A200F79ACF /* Debug */,
				6AF79AA6224E36A200F79ACF /* Release */,
			);
			defaultConfigurationIsVisible = 0;
			defaultConfigurationName = Release;
		};
		6AF79AA7224E36A200F79ACF /* Build configuration list for PBXNativeTarget "CleanYourCode" */ = {
			isa = XCConfigurationList;
			buildConfigurations = (
				6AF79AA8224E36A200F79ACF /* Debug */,
				6AF79AA9224E36A200F79ACF /* Release */,
			);
			defaultConfigurationIsVisible = 0;
			defaultConfigurationName = Release;
		};
		6AF79AAA224E36A200F79ACF /* Build configuration list for PBXNativeTarget "CleanYourCodeTests" */ = {
			isa = XCConfigurationList;
			buildConfigurations = (
				6AF79AAB224E36A200F79ACF /* Debug */,
				6AF79AAC224E36A200F79ACF /* Release */,
			);
			defaultConfigurationIsVisible = 0;
			defaultConfigurationName = Release;
		};
		6AF79AAD224E36A200F79ACF /* Build configuration list for PBXNativeTarget "CleanYourCodeUITests" */ = {
			isa = XCConfigurationList;
			buildConfigurations = (
				6AF79AAE224E36A200F79ACF /* Debug */,
				6AF79AAF224E36A200F79ACF /* Release */,
			);
			defaultConfigurationIsVisible = 0;
			defaultConfigurationName = Release;
		};
/* End XCConfigurationList section */
	};
	rootObject = 6AF79A77224E36A100F79ACF /* Project object */;
}
